<Solution>
  <Configurations>
    <Platform Name="x64" />
    <Platform Name="x86" />
  </Configurations>
  <Project Path="ClickTeam/ClickTeamHandler.vcxproj" Id="7204d022-f1d9-47ba-ab33-89eba22ec237" />
  <Project Path="Exfat/Exfat.vcxproj" Id="3a75ac2b-7cad-4be3-a637-e472feb99266" />
  <Project Path="InstallShield/InstallShield.vcxproj" Id="f5de740d-4e2a-44dd-a70c-3a69782e1da5" />
  <Project Path="PSX/PSX.vcxproj" Id="7bd37514-8172-4ea3-b280-58f97aed3237" />
  <Project Path="PyInstaller/PyInstaller.vcxproj" Id="c8b5ab86-d476-4b2e-9916-66eaafa5a216" />
  <Project Path="RPAHandler/RPAHandler.vcxproj" Id="20b17899-c034-48be-801e-9b3bb1b606e7" />
  <Project Path="STK/STKHandler.vcxproj" Id="25d2f831-a565-4937-a434-4860ce83d0e2" />
  <Project Path="UPX/UPXHandler.vcxproj" Id="7204d022-f1d9-47ba-ab33-89eba22ec217" />
</Solution>
