
Microsoft Visual Studio Solution File, Format Version 12.00
# Visual Studio Version 18
VisualStudioVersion = 18.0.11205.157
MinimumVisualStudioVersion = 10.0.40219.1
Project("{8BC9CEB8-8B4A-11D0-8D11-00A0C91BC942}") = "ClickTeamHandler", "ClickTeam\ClickTeamHandler.vcxproj", "{7204D022-F1D9-47BA-AB33-89EBA22EC237}"
EndProject
Project("{8BC9CEB8-8B4A-11D0-8D11-00A0C91BC942}") = "PyInstaller", "PyInstaller\PyInstaller.vcxproj", "{C8B5AB86-D476-4B2E-9916-66EAAFA5A216}"
EndProject
Project("{8BC9CEB8-8B4A-11D0-8D11-00A0C91BC942}") = "STKHandler", "STK\STKHandler.vcxproj", "{25D2F831-A565-4937-A434-4860CE83D0E2}"
EndProject
Project("{8BC9CEB8-8B4A-11D0-8D11-00A0C91BC942}") = "RPAHandler", "RPAHandler\RPAHandler.vcxproj", "{20B17899-C034-48BE-801E-9B3BB1B606E7}"
EndProject
Project("{8BC9CEB8-8B4A-11D0-8D11-00A0C91BC942}") = "Exfat", "Exfat\Exfat.vcxproj", "{3A75AC2B-7CAD-4BE3-A637-E472FEB99266}"
EndProject
Project("{8BC9CEB8-8B4A-11D0-8D11-00A0C91BC942}") = "InstallShield", "InstallShield\InstallShield.vcxproj", "{F5DE740D-4E2A-44DD-A70C-3A69782E1DA5}"
EndProject
Project("{8BC9CEB8-8B4A-11D0-8D11-00A0C91BC942}") = "PSX", "PSX\PSX.vcxproj", "{7BD37514-8172-4EA3-B280-58F97AED3237}"
EndProject
Global
	GlobalSection(SolutionConfigurationPlatforms) = preSolution
		Debug|x64 = Debug|x64
		Debug|x86 = Debug|x86
		Release|x64 = Release|x64
		Release|x86 = Release|x86
	EndGlobalSection
	GlobalSection(ProjectConfigurationPlatforms) = postSolution
		{7204D022-F1D9-47BA-AB33-89EBA22EC237}.Debug|x64.ActiveCfg = Debug|x64
		{7204D022-F1D9-47BA-AB33-89EBA22EC237}.Debug|x64.Build.0 = Debug|x64
		{7204D022-F1D9-47BA-AB33-89EBA22EC237}.Debug|x86.ActiveCfg = Debug|Win32
		{7204D022-F1D9-47BA-AB33-89EBA22EC237}.Debug|x86.Build.0 = Debug|Win32
		{7204D022-F1D9-47BA-AB33-89EBA22EC237}.Release|x64.ActiveCfg = Release|x64
		{7204D022-F1D9-47BA-AB33-89EBA22EC237}.Release|x64.Build.0 = Release|x64
		{7204D022-F1D9-47BA-AB33-89EBA22EC237}.Release|x86.ActiveCfg = Release|Win32
		{7204D022-F1D9-47BA-AB33-89EBA22EC237}.Release|x86.Build.0 = Release|Win32
		{C8B5AB86-D476-4B2E-9916-66EAAFA5A216}.Debug|x64.ActiveCfg = Debug|x64
		{C8B5AB86-D476-4B2E-9916-66EAAFA5A216}.Debug|x64.Build.0 = Debug|x64
		{C8B5AB86-D476-4B2E-9916-66EAAFA5A216}.Debug|x86.ActiveCfg = Debug|Win32
		{C8B5AB86-D476-4B2E-9916-66EAAFA5A216}.Debug|x86.Build.0 = Debug|Win32
		{C8B5AB86-D476-4B2E-9916-66EAAFA5A216}.Release|x64.ActiveCfg = Release|x64
		{C8B5AB86-D476-4B2E-9916-66EAAFA5A216}.Release|x64.Build.0 = Release|x64
		{C8B5AB86-D476-4B2E-9916-66EAAFA5A216}.Release|x86.ActiveCfg = Release|Win32
		{C8B5AB86-D476-4B2E-9916-66EAAFA5A216}.Release|x86.Build.0 = Release|Win32
		{25D2F831-A565-4937-A434-4860CE83D0E2}.Debug|x64.ActiveCfg = Debug|x64
		{25D2F831-A565-4937-A434-4860CE83D0E2}.Debug|x64.Build.0 = Debug|x64
		{25D2F831-A565-4937-A434-4860CE83D0E2}.Debug|x86.ActiveCfg = Debug|Win32
		{25D2F831-A565-4937-A434-4860CE83D0E2}.Debug|x86.Build.0 = Debug|Win32
		{25D2F831-A565-4937-A434-4860CE83D0E2}.Release|x64.ActiveCfg = Release|x64
		{25D2F831-A565-4937-A434-4860CE83D0E2}.Release|x64.Build.0 = Release|x64
		{25D2F831-A565-4937-A434-4860CE83D0E2}.Release|x86.ActiveCfg = Release|Win32
		{25D2F831-A565-4937-A434-4860CE83D0E2}.Release|x86.Build.0 = Release|Win32
		{20B17899-C034-48BE-801E-9B3BB1B606E7}.Debug|x64.ActiveCfg = Debug|x64
		{20B17899-C034-48BE-801E-9B3BB1B606E7}.Debug|x64.Build.0 = Debug|x64
		{20B17899-C034-48BE-801E-9B3BB1B606E7}.Debug|x86.ActiveCfg = Debug|Win32
		{20B17899-C034-48BE-801E-9B3BB1B606E7}.Debug|x86.Build.0 = Debug|Win32
		{20B17899-C034-48BE-801E-9B3BB1B606E7}.Release|x64.ActiveCfg = Release|x64
		{20B17899-C034-48BE-801E-9B3BB1B606E7}.Release|x64.Build.0 = Release|x64
		{20B17899-C034-48BE-801E-9B3BB1B606E7}.Release|x86.ActiveCfg = Release|Win32
		{20B17899-C034-48BE-801E-9B3BB1B606E7}.Release|x86.Build.0 = Release|Win32
		{3A75AC2B-7CAD-4BE3-A637-E472FEB99266}.Debug|x64.ActiveCfg = Debug|x64
		{3A75AC2B-7CAD-4BE3-A637-E472FEB99266}.Debug|x64.Build.0 = Debug|x64
		{3A75AC2B-7CAD-4BE3-A637-E472FEB99266}.Debug|x86.ActiveCfg = Debug|Win32
		{3A75AC2B-7CAD-4BE3-A637-E472FEB99266}.Debug|x86.Build.0 = Debug|Win32
		{3A75AC2B-7CAD-4BE3-A637-E472FEB99266}.Release|x64.ActiveCfg = Release|x64
		{3A75AC2B-7CAD-4BE3-A637-E472FEB99266}.Release|x64.Build.0 = Release|x64
		{3A75AC2B-7CAD-4BE3-A637-E472FEB99266}.Release|x86.ActiveCfg = Release|Win32
		{3A75AC2B-7CAD-4BE3-A637-E472FEB99266}.Release|x86.Build.0 = Release|Win32
		{F5DE740D-4E2A-44DD-A70C-3A69782E1DA5}.Debug|x64.ActiveCfg = Debug|x64
		{F5DE740D-4E2A-44DD-A70C-3A69782E1DA5}.Debug|x64.Build.0 = Debug|x64
		{F5DE740D-4E2A-44DD-A70C-3A69782E1DA5}.Debug|x86.ActiveCfg = Debug|Win32
		{F5DE740D-4E2A-44DD-A70C-3A69782E1DA5}.Debug|x86.Build.0 = Debug|Win32
		{F5DE740D-4E2A-44DD-A70C-3A69782E1DA5}.Release|x64.ActiveCfg = Release|x64
		{F5DE740D-4E2A-44DD-A70C-3A69782E1DA5}.Release|x64.Build.0 = Release|x64
		{F5DE740D-4E2A-44DD-A70C-3A69782E1DA5}.Release|x86.ActiveCfg = Release|Win32
		{F5DE740D-4E2A-44DD-A70C-3A69782E1DA5}.Release|x86.Build.0 = Release|Win32
		{7BD37514-8172-4EA3-B280-58F97AED3237}.Debug|x64.ActiveCfg = Debug|x64
		{7BD37514-8172-4EA3-B280-58F97AED3237}.Debug|x64.Build.0 = Debug|x64
		{7BD37514-8172-4EA3-B280-58F97AED3237}.Debug|x86.ActiveCfg = Debug|Win32
		{7BD37514-8172-4EA3-B280-58F97AED3237}.Debug|x86.Build.0 = Debug|Win32
		{7BD37514-8172-4EA3-B280-58F97AED3237}.Release|x64.ActiveCfg = Release|x64
		{7BD37514-8172-4EA3-B280-58F97AED3237}.Release|x64.Build.0 = Release|x64
		{7BD37514-8172-4EA3-B280-58F97AED3237}.Release|x86.ActiveCfg = Release|Win32
		{7BD37514-8172-4EA3-B280-58F97AED3237}.Release|x86.Build.0 = Release|Win32
	EndGlobalSection
	GlobalSection(SolutionProperties) = preSolution
		HideSolutionNode = FALSE
	EndGlobalSection
	GlobalSection(ExtensibilityGlobals) = postSolution
		SolutionGuid = {CB3FDCB8-4995-4886-A1B7-BEDD817BA5BC}
	EndGlobalSection
EndGlobal
